// !$*UTF8*$!
{
	archiveVersion = 1;
	classes = {
	};
	objectVersion = 50;
	objects = {

/* Begin PBXBuildFile section */
		4332C67025EF3FC00029743D /* Constants.swift in Sources */ = {isa = PBXBuildFile; fileRef = 4332C66F25EF3FC00029743D /* Constants.swift */; };
		4332C67625EF76DE0029743D /* StorageDataTableViewController.swift in Sources */ = {isa = PBXBuildFile; fileRef = 4332C67525EF76DE0029743D /* StorageDataTableViewController.swift */; };
		4332C68925EF8FE90029743D /* ImageCollectionViewCell.swift in Sources */ = {isa = PBXBuildFile; fileRef = 4332C68725EF8FE90029743D /* ImageCollectionViewCell.swift */; };
		4332C68A25EF8FE90029743D /* ImageCollectionViewCell.xib in Resources */ = {isa = PBXBuildFile; fileRef = 4332C68825EF8FE90029743D /* ImageCollectionViewCell.xib */; };
		4336327D25F0CC9400708FF1 /* ProfileTableViewController.swift in Sources */ = {isa = PBXBuildFile; fileRef = 4336327C25F0CC9400708FF1 /* ProfileTableViewController.swift */; };
		43566F2325EF378D0014F654 /* AppDelegate.swift in Sources */ = {isa = PBXBuildFile; fileRef = 43566F2225EF378D0014F654 /* AppDelegate.swift */; };
		43566F2525EF378D0014F654 /* SceneDelegate.swift in Sources */ = {isa = PBXBuildFile; fileRef = 43566F2425EF378D0014F654 /* SceneDelegate.swift */; };
		43566F2725EF378D0014F654 /* ViewController.swift in Sources */ = {isa = PBXBuildFile; fileRef = 43566F2625EF378D0014F654 /* ViewController.swift */; };
		43566F2A25EF378D0014F654 /* Main.storyboard in Resources */ = {isa = PBXBuildFile; fileRef = 43566F2825EF378D0014F654 /* Main.storyboard */; };
		43566F2C25EF37900014F654 /* Assets.xcassets in Resources */ = {isa = PBXBuildFile; fileRef = 43566F2B25EF37900014F654 /* Assets.xcassets */; };
		43566F2F25EF37900014F654 /* LaunchScreen.storyboard in Resources */ = {isa = PBXBuildFile; fileRef = 43566F2D25EF37900014F654 /* LaunchScreen.storyboard */; };
/* End PBXBuildFile section */

/* Begin PBXFileReference section */
		4332C66F25EF3FC00029743D /* Constants.swift */ = {isa = PBXFileReference; lastKnownFileType = sourcecode.swift; path = Constants.swift; sourceTree = "<group>"; };
		4332C67525EF76DE0029743D /* StorageDataTableViewController.swift */ = {isa = PBXFileReference; lastKnownFileType = sourcecode.swift; path = StorageDataTableViewController.swift; sourceTree = "<group>"; };
		4332C68725EF8FE90029743D /* ImageCollectionViewCell.swift */ = {isa = PBXFileReference; lastKnownFileType = sourcecode.swift; path = ImageCollectionViewCell.swift; sourceTree = "<group>"; };
		4332C68825EF8FE90029743D /* ImageCollectionViewCell.xib */ = {isa = PBXFileReference; lastKnownFileType = file.xib; path = ImageCollectionViewCell.xib; sourceTree = "<group>"; };
		4336327C25F0CC9400708FF1 /* ProfileTableViewController.swift */ = {isa = PBXFileReference; lastKnownFileType = sourcecode.swift; path = ProfileTableViewController.swift; sourceTree = "<group>"; };
		43566F1F25EF378D0014F654 /* Users Storage&Data.app */ = {isa = PBXFileReference; explicitFileType = wrapper.application; includeInIndex = 0; path = "Users Storage&Data.app"; sourceTree = BUILT_PRODUCTS_DIR; };
		43566F2225EF378D0014F654 /* AppDelegate.swift */ = {isa = PBXFileReference; lastKnownFileType = sourcecode.swift; path = AppDelegate.swift; sourceTree = "<group>"; };
		43566F2425EF378D0014F654 /* SceneDelegate.swift */ = {isa = PBXFileReference; lastKnownFileType = sourcecode.swift; path = SceneDelegate.swift; sourceTree = "<group>"; };
		43566F2625EF378D0014F654 /* ViewController.swift */ = {isa = PBXFileReference; lastKnownFileType = sourcecode.swift; path = ViewController.swift; sourceTree = "<group>"; };
		43566F2925EF378D0014F654 /* Base */ = {isa = PBXFileReference; lastKnownFileType = file.storyboard; name = Base; path = Base.lproj/Main.storyboard; sourceTree = "<group>"; };
		43566F2B25EF37900014F654 /* Assets.xcassets */ = {isa = PBXFileReference; lastKnownFileType = folder.assetcatalog; path = Assets.xcassets; sourceTree = "<group>"; };
		43566F2E25EF37900014F654 /* Base */ = {isa = PBXFileReference; lastKnownFileType = file.storyboard; name = Base; path = Base.lproj/LaunchScreen.storyboard; sourceTree = "<group>"; };
		43566F3025EF37900014F654 /* Info.plist */ = {isa = PBXFileReference; lastKnownFileType = text.plist.xml; path = Info.plist; sourceTree = "<group>"; };
/* End PBXFileReference section */

/* Begin PBXFrameworksBuildPhase section */
		43566F1C25EF378D0014F654 /* Frameworks */ = {
			isa = PBXFrameworksBuildPhase;
			buildActionMask = 2147483647;
			files = (
			);
			runOnlyForDeploymentPostprocessing = 0;
		};
/* End PBXFrameworksBuildPhase section */

/* Begin PBXGroup section */
		43566F1625EF378D0014F654 = {
			isa = PBXGroup;
			children = (
				43566F2125EF378D0014F654 /* Users Storage&Data */,
				43566F2025EF378D0014F654 /* Products */,
			);
			sourceTree = "<group>";
		};
		43566F2025EF378D0014F654 /* Products */ = {
			isa = PBXGroup;
			children = (
				43566F1F25EF378D0014F654 /* Users Storage&Data.app */,
			);
			name = Products;
			sourceTree = "<group>";
		};
		43566F2125EF378D0014F654 /* Users Storage&Data */ = {
			isa = PBXGroup;
			children = (
				4332C66F25EF3FC00029743D /* Constants.swift */,
				43566F2225EF378D0014F654 /* AppDelegate.swift */,
				43566F2425EF378D0014F654 /* SceneDelegate.swift */,
				43566F3825EF380C0014F654 /* Controllers */,
				43566F3B25EF38280014F654 /* Views */,
				43566F3C25EF38330014F654 /* Support Files */,
				43566F3025EF37900014F654 /* Info.plist */,
			);
			path = "Users Storage&Data";
			sourceTree = "<group>";
		};
		43566F3825EF380C0014F654 /* Controllers */ = {
			isa = PBXGroup;
			children = (
				43566F2625EF378D0014F654 /* ViewController.swift */,
				4332C67525EF76DE0029743D /* StorageDataTableViewController.swift */,
				4336327C25F0CC9400708FF1 /* ProfileTableViewController.swift */,
			);
			path = Controllers;
			sourceTree = "<group>";
		};
		43566F3B25EF38280014F654 /* Views */ = {
			isa = PBXGroup;
			children = (
				43566F2825EF378D0014F654 /* Main.storyboard */,
				4332C68725EF8FE90029743D /* ImageCollectionViewCell.swift */,
				4332C68825EF8FE90029743D /* ImageCollectionViewCell.xib */,
			);
			path = Views;
			sourceTree = "<group>";
		};
		43566F3C25EF38330014F654 /* Support Files */ = {
			isa = PBXGroup;
			children = (
				43566F2B25EF37900014F654 /* Assets.xcassets */,
				43566F2D25EF37900014F654 /* LaunchScreen.storyboard */,
			);
			path = "Support Files";
			sourceTree = "<group>";
		};
/* End PBXGroup section */

/* Begin PBXNativeTarget section */
		43566F1E25EF378D0014F654 /* Users Storage&Data */ = {
			isa = PBXNativeTarget;
			buildConfigurationList = 43566F3325EF37900014F654 /* Build configuration list for PBXNativeTarget "Users Storage&Data" */;
			buildPhases = (
				43566F1B25EF378D0014F654 /* Sources */,
				43566F1C25EF378D0014F654 /* Frameworks */,
				43566F1D25EF378D0014F654 /* Resources */,
			);
			buildRules = (
			);
			dependencies = (
			);
			name = "Users Storage&Data";
			productName = "Users Storage&Data";
			productReference = 43566F1F25EF378D0014F654 /* Users Storage&Data.app */;
			productType = "com.apple.product-type.application";
		};
/* End PBXNativeTarget section */

/* Begin PBXProject section */
		43566F1725EF378D0014F654 /* Project object */ = {
			isa = PBXProject;
			attributes = {
				LastSwiftUpdateCheck = 1240;
				LastUpgradeCheck = 1240;
				TargetAttributes = {
					43566F1E25EF378D0014F654 = {
						CreatedOnToolsVersion = 12.4;
					};
				};
			};
			buildConfigurationList = 43566F1A25EF378D0014F654 /* Build configuration list for PBXProject "Users Storage&Data" */;
			compatibilityVersion = "Xcode 9.3";
			developmentRegion = en;
			hasScannedForEncodings = 0;
			knownRegions = (
				en,
				Base,
			);
			mainGroup = 43566F1625EF378D0014F654;
			productRefGroup = 43566F2025EF378D0014F654 /* Products */;
			projectDirPath = "";
			projectRoot = "";
			targets = (
				43566F1E25EF378D0014F654 /* Users Storage&Data */,
			);
		};
/* End PBXProject section */

/* Begin PBXResourcesBuildPhase section */
		43566F1D25EF378D0014F654 /* Resources */ = {
			isa = PBXResourcesBuildPhase;
			buildActionMask = 2147483647;
			files = (
				43566F2F25EF37900014F654 /* LaunchScreen.storyboard in Resources */,
				43566F2C25EF37900014F654 /* Assets.xcassets in Resources */,
				4332C68A25EF8FE90029743D /* ImageCollectionViewCell.xib in Resources */,
				43566F2A25EF378D0014F654 /* Main.storyboard in Resources */,
			);
			runOnlyForDeploymentPostprocessing = 0;
		};
/* End PBXResourcesBuildPhase section */

/* Begin PBXSourcesBuildPhase section */
		43566F1B25EF378D0014F654 /* Sources */ = {
			isa = PBXSourcesBuildPhase;
			buildActionMask = 2147483647;
			files = (
				4332C68925EF8FE90029743D /* ImageCollectionViewCell.swift in Sources */,
				4332C67625EF76DE0029743D /* StorageDataTableViewController.swift in Sources */,
				4332C67025EF3FC00029743D /* Constants.swift in Sources */,
				43566F2725EF378D0014F654 /* ViewController.swift in Sources */,
				43566F2325EF378D0014F654 /* AppDelegate.swift in Sources */,
				4336327D25F0CC9400708FF1 /* ProfileTableViewController.swift in Sources */,
				43566F2525EF378D0014F654 /* SceneDelegate.swift in Sources */,
			);
			runOnlyForDeploymentPostprocessing = 0;
		};
/* End PBXSourcesBuildPhase section */

/* Begin PBXVariantGroup section */
		43566F2825EF378D0014F654 /* Main.storyboard */ = {
			isa = PBXVariantGroup;
			children = (
				43566F2925EF378D0014F654 /* Base */,
			);
			name = Main.storyboard;
			sourceTree = "<group>";
		};
		43566F2D25EF37900014F654 /* LaunchScreen.storyboard */ = {
			isa = PBXVariantGroup;
			children = (
				43566F2E25EF37900014F654 /* Base */,
			);
			name = LaunchScreen.storyboard;
			sourceTree = "<group>";
		};
/* End PBXVariantGroup section */

/* Begin XCBuildConfiguration section */
		43566F3125EF37900014F654 /* Debug */ = {
			isa = XCBuildConfiguration;
			buildSettings = {
				ALWAYS_SEARCH_USER_PATHS = NO;
				CLANG_ANALYZER_NONNULL = YES;
				CLANG_ANALYZER_NUMBER_OBJECT_CONVERSION = YES_AGGRESSIVE;
				CLANG_CXX_LANGUAGE_STANDARD = "gnu++14";
				CLANG_CXX_LIBRARY = "libc++";
				CLANG_ENABLE_MODULES = YES;
				CLANG_ENABLE_OBJC_ARC = YES;
				CLANG_ENABLE_OBJC_WEAK = YES;
				CLANG_WARN_BLOCK_CAPTURE_AUTORELEASING = YES;
				CLANG_WARN_BOOL_CONVERSION = YES;
				CLANG_WARN_COMMA = YES;
				CLANG_WARN_CONSTANT_CONVERSION = YES;
				CLANG_WARN_DEPRECATED_OBJC_IMPLEMENTATIONS = YES;
				CLANG_WARN_DIRECT_OBJC_ISA_USAGE = YES_ERROR;
				CLANG_WARN_DOCUMENTATION_COMMENTS = YES;
				CLANG_WARN_EMPTY_BODY = YES;
				CLANG_WARN_ENUM_CONVERSION = YES;
				CLANG_WARN_INFINITE_RECURSION = YES;
				CLANG_WARN_INT_CONVERSION = YES;
				CLANG_WARN_NON_LITERAL_NULL_CONVERSION = YES;
				CLANG_WARN_OBJC_IMPLICIT_RETAIN_SELF = YES;
				CLANG_WARN_OBJC_LITERAL_CONVERSION = YES;
				CLANG_WARN_OBJC_ROOT_CLASS = YES_ERROR;
				CLANG_WARN_QUOTED_INCLUDE_IN_FRAMEWORK_HEADER = YES;
				CLANG_WARN_RANGE_LOOP_ANALYSIS = YES;
				CLANG_WARN_STRICT_PROTOTYPES = YES;
				CLANG_WARN_SUSPICIOUS_MOVE = YES;
				CLANG_WARN_UNGUARDED_AVAILABILITY = YES_AGGRESSIVE;
				CLANG_WARN_UNREACHABLE_CODE = YES;
				CLANG_WARN__DUPLICATE_METHOD_MATCH = YES;
				COPY_PHASE_STRIP = NO;
				DEBUG_INFORMATION_FORMAT = dwarf;
				ENABLE_STRICT_OBJC_MSGSEND = YES;
				ENABLE_TESTABILITY = YES;
				GCC_C_LANGUAGE_STANDARD = gnu11;
				GCC_DYNAMIC_NO_PIC = NO;
				GCC_NO_COMMON_BLOCKS = YES;
				GCC_OPTIMIZATION_LEVEL = 0;
				GCC_PREPROCESSOR_DEFINITIONS = (
					"DEBUG=1",
					"$(inherited)",
				);
				GCC_WARN_64_TO_32_BIT_CONVERSION = YES;
				GCC_WARN_ABOUT_RETURN_TYPE = YES_ERROR;
				GCC_WARN_UNDECLARED_SELECTOR = YES;
				GCC_WARN_UNINITIALIZED_AUTOS = YES_AGGRESSIVE;
				GCC_WARN_UNUSED_FUNCTION = YES;
				GCC_WARN_UNUSED_VARIABLE = YES;
				IPHONEOS_DEPLOYMENT_TARGET = 11.0;
				MTL_ENABLE_DEBUG_INFO = INCLUDE_SOURCE;
				MTL_FAST_MATH = YES;
				ONLY_ACTIVE_ARCH = YES;
				SDKROOT = iphoneos;
				SWIFT_ACTIVE_COMPILATION_CONDITIONS = DEBUG;
				SWIFT_OPTIMIZATION_LEVEL = "-Onone";
			};
			name = Debug;
		};
		43566F3225EF37900014F654 /* Release */ = {
			isa = XCBuildConfiguration;
			buildSettings = {
				ALWAYS_SEARCH_USER_PATHS = NO;
				CLANG_ANALYZER_NONNULL = YES;
				CLANG_ANALYZER_NUMBER_OBJECT_CONVERSION = YES_AGGRESSIVE;
				CLANG_CXX_LANGUAGE_STANDARD = "gnu++14";
				CLANG_CXX_LIBRARY = "libc++";
				CLANG_ENABLE_MODULES = YES;
				CLANG_ENABLE_OBJC_ARC = YES;
				CLANG_ENABLE_OBJC_WEAK = YES;
				CLANG_WARN_BLOCK_CAPTURE_AUTORELEASING = YES;
				CLANG_WARN_BOOL_CONVERSION = YES;
				CLANG_WARN_COMMA = YES;
				CLANG_WARN_CONSTANT_CONVERSION = YES;
				CLANG_WARN_DEPRECATED_OBJC_IMPLEMENTATIONS = YES;
				CLANG_WARN_DIRECT_OBJC_ISA_USAGE = YES_ERROR;
				CLANG_WARN_DOCUMENTATION_COMMENTS = YES;
				CLANG_WARN_EMPTY_BODY = YES;
				CLANG_WARN_ENUM_CONVERSION = YES;
				CLANG_WARN_INFINITE_RECURSION = YES;
				CLANG_WARN_INT_CONVERSION = YES;
				CLANG_WARN_NON_LITERAL_NULL_CONVERSION = YES;
				CLANG_WARN_OBJC_IMPLICIT_RETAIN_SELF = YES;
				CLANG_WARN_OBJC_LITERAL_CONVERSION = YES;
				CLANG_WARN_OBJC_ROOT_CLASS = YES_ERROR;
				CLANG_WARN_QUOTED_INCLUDE_IN_FRAMEWORK_HEADER = YES;
				CLANG_WARN_RANGE_LOOP_ANALYSIS = YES;
				CLANG_WARN_STRICT_PROTOTYPES = YES;
				CLANG_WARN_SUSPICIOUS_MOVE = YES;
				CLANG_WARN_UNGUARDED_AVAILABILITY = YES_AGGRESSIVE;
				CLANG_WARN_UNREACHABLE_CODE = YES;
				CLANG_WARN__DUPLICATE_METHOD_MATCH = YES;
				COPY_PHASE_STRIP = NO;
				DEBUG_INFORMATION_FORMAT = "dwarf-with-dsym";
				ENABLE_NS_ASSERTIONS = NO;
				ENABLE_STRICT_OBJC_MSGSEND = YES;
				GCC_C_LANGUAGE_STANDARD = gnu11;
				GCC_NO_COMMON_BLOCKS = YES;
				GCC_WARN_64_TO_32_BIT_CONVERSION = YES;
				GCC_WARN_ABOUT_RETURN_TYPE = YES_ERROR;
				GCC_WARN_UNDECLARED_SELECTOR = YES;
				GCC_WARN_UNINITIALIZED_AUTOS = YES_AGGRESSIVE;
				GCC_WARN_UNUSED_FUNCTION = YES;
				GCC_WARN_UNUSED_VARIABLE = YES;
				IPHONEOS_DEPLOYMENT_TARGET = 11.0;
				MTL_ENABLE_DEBUG_INFO = NO;
				MTL_FAST_MATH = YES;
				SDKROOT = iphoneos;
				SWIFT_COMPILATION_MODE = wholemodule;
				SWIFT_OPTIMIZATION_LEVEL = "-O";
				VALIDATE_PRODUCT = YES;
			};
			name = Release;
		};
		43566F3425EF37900014F654 /* Debug */ = {
			isa = XCBuildConfiguration;
			buildSettings = {
				ASSETCATALOG_COMPILER_APPICON_NAME = AppIcon;
				ASSETCATALOG_COMPILER_GLOBAL_ACCENT_COLOR_NAME = AccentColor;
				CODE_SIGN_STYLE = Automatic;
				DEVELOPMENT_TEAM = A382H9F848;
				INFOPLIST_FILE = "Users Storage&Data/Info.plist";
				LD_RUNPATH_SEARCH_PATHS = (
					"$(inherited)",
					"@executable_path/Frameworks",
				);
				MARKETING_VERSION = 1.1;
				PRODUCT_BUNDLE_IDENTIFIER = "Chithian-Hunter-.Users-Storage-Data";
				PRODUCT_NAME = "$(TARGET_NAME)";
				SWIFT_VERSION = 5.0;
				TARGETED_DEVICE_FAMILY = 1;
			};
			name = Debug;
		};
		43566F3525EF37900014F654 /* Release */ = {
			isa = XCBuildConfiguration;
			buildSettings = {
				ASSETCATALOG_COMPILER_APPICON_NAME = AppIcon;
				ASSETCATALOG_COMPILER_GLOBAL_ACCENT_COLOR_NAME = AccentColor;
				CODE_SIGN_STYLE = Automatic;
				DEVELOPMENT_TEAM = A382H9F848;
				INFOPLIST_FILE = "Users Storage&Data/Info.plist";
				LD_RUNPATH_SEARCH_PATHS = (
					"$(inherited)",
					"@executable_path/Frameworks",
				);
				MARKETING_VERSION = 1.1;
				PRODUCT_BUNDLE_IDENTIFIER = "Chithian-Hunter-.Users-Storage-Data";
				PRODUCT_NAME = "$(TARGET_NAME)";
				SWIFT_VERSION = 5.0;
				TARGETED_DEVICE_FAMILY = 1;
			};
			name = Release;
		};
/* End XCBuildConfiguration section */

/* Begin XCConfigurationList section */
		43566F1A25EF378D0014F654 /* Build configuration list for PBXProject "Users Storage&Data" */ = {
			isa = XCConfigurationList;
			buildConfigurations = (
				43566F3125EF37900014F654 /* Debug */,
				43566F3225EF37900014F654 /* Release */,
			);
			defaultConfigurationIsVisible = 0;
			defaultConfigurationName = Release;
		};
		43566F3325EF37900014F654 /* Build configuration list for PBXNativeTarget "Users Storage&Data" */ = {
			isa = XCConfigurationList;
			buildConfigurations = (
				43566F3425EF37900014F654 /* Debug */,
				43566F3525EF37900014F654 /* Release */,
			);
			defaultConfigurationIsVisible = 0;
			defaultConfigurationName = Release;
		};
/* End XCConfigurationList section */
	};
	rootObject = 43566F1725EF378D0014F654 /* Project object */;
}
